// !$*UTF8*$!
{
	archiveVersion = 1;
	classes = {
	};
	objectVersion = 50;
	objects = {

/* Begin PBXBuildFile section */
		2477B9932427791B006CD279 /* AppDelegate.swift in Sources */ = {isa = PBXBuildFile; fileRef = 2477B9922427791B006CD279 /* AppDelegate.swift */; };
		2477B9952427791B006CD279 /* SceneDelegate.swift in Sources */ = {isa = PBXBuildFile; fileRef = 2477B9942427791B006CD279 /* SceneDelegate.swift */; };
		2477B99A2427791B006CD279 /* Main.storyboard in Resources */ = {isa = PBXBuildFile; fileRef = 2477B9982427791B006CD279 /* Main.storyboard */; };
		2477B99D2427791B006CD279 /* SafeLimit.xcdatamodeld in Sources */ = {isa = PBXBuildFile; fileRef = 2477B99B2427791B006CD279 /* SafeLimit.xcdatamodeld */; };
		2477B99F24277923006CD279 /* Assets.xcassets in Resources */ = {isa = PBXBuildFile; fileRef = 2477B99E24277923006CD279 /* Assets.xcassets */; };
		2477B9A224277923006CD279 /* LaunchScreen.storyboard in Resources */ = {isa = PBXBuildFile; fileRef = 2477B9A024277923006CD279 /* LaunchScreen.storyboard */; };
		2477B9AD24277923006CD279 /* SafeLimitTests.swift in Sources */ = {isa = PBXBuildFile; fileRef = 2477B9AC24277923006CD279 /* SafeLimitTests.swift */; };
		24AD212524277E9C0086F8CA /* Geolocation.swift in Sources */ = {isa = PBXBuildFile; fileRef = 24AD212424277E9C0086F8CA /* Geolocation.swift */; };
		24AD212724277F790086F8CA /* Utilities.swift in Sources */ = {isa = PBXBuildFile; fileRef = 24AD212624277F790086F8CA /* Utilities.swift */; };
		24AD21292427804A0086F8CA /* GeolocationViewController.swift in Sources */ = {isa = PBXBuildFile; fileRef = 24AD21282427804A0086F8CA /* GeolocationViewController.swift */; };
		24AD212B2427814A0086F8CA /* AddGeolocationViewController.swift in Sources */ = {isa = PBXBuildFile; fileRef = 24AD212A2427814A0086F8CA /* AddGeolocationViewController.swift */; };
		24AD212E2428AA7F0086F8CA /* MapKit.framework in Frameworks */ = {isa = PBXBuildFile; fileRef = 24AD212D2428AA7F0086F8CA /* MapKit.framework */; };
/* End PBXBuildFile section */

/* Begin PBXContainerItemProxy section */
		2477B9A924277923006CD279 /* PBXContainerItemProxy */ = {
			isa = PBXContainerItemProxy;
			containerPortal = 2477B9872427791B006CD279 /* Project object */;
			proxyType = 1;
			remoteGlobalIDString = 2477B98E2427791B006CD279;
			remoteInfo = SafeLimit;
		};
/* End PBXContainerItemProxy section */

/* Begin PBXFileReference section */
		2477B98F2427791B006CD279 /* SafeLimit.app */ = {isa = PBXFileReference; explicitFileType = wrapper.application; includeInIndex = 0; path = SafeLimit.app; sourceTree = BUILT_PRODUCTS_DIR; };
		2477B9922427791B006CD279 /* AppDelegate.swift */ = {isa = PBXFileReference; lastKnownFileType = sourcecode.swift; path = AppDelegate.swift; sourceTree = "<group>"; };
		2477B9942427791B006CD279 /* SceneDelegate.swift */ = {isa = PBXFileReference; lastKnownFileType = sourcecode.swift; path = SceneDelegate.swift; sourceTree = "<group>"; };
		2477B9992427791B006CD279 /* Base */ = {isa = PBXFileReference; lastKnownFileType = file.storyboard; name = Base; path = Base.lproj/Main.storyboard; sourceTree = "<group>"; };
		2477B99C2427791B006CD279 /* SafeLimit.xcdatamodel */ = {isa = PBXFileReference; lastKnownFileType = wrapper.xcdatamodel; path = SafeLimit.xcdatamodel; sourceTree = "<group>"; };
		2477B99E24277923006CD279 /* Assets.xcassets */ = {isa = PBXFileReference; lastKnownFileType = folder.assetcatalog; path = Assets.xcassets; sourceTree = "<group>"; };
		2477B9A124277923006CD279 /* Base */ = {isa = PBXFileReference; lastKnownFileType = file.storyboard; name = Base; path = Base.lproj/LaunchScreen.storyboard; sourceTree = "<group>"; };
		2477B9A324277923006CD279 /* Info.plist */ = {isa = PBXFileReference; lastKnownFileType = text.plist.xml; path = Info.plist; sourceTree = "<group>"; };
		2477B9A824277923006CD279 /* SafeLimitTests.xctest */ = {isa = PBXFileReference; explicitFileType = wrapper.cfbundle; includeInIndex = 0; path = SafeLimitTests.xctest; sourceTree = BUILT_PRODUCTS_DIR; };
		2477B9AC24277923006CD279 /* SafeLimitTests.swift */ = {isa = PBXFileReference; lastKnownFileType = sourcecode.swift; path = SafeLimitTests.swift; sourceTree = "<group>"; };
		2477B9AE24277923006CD279 /* Info.plist */ = {isa = PBXFileReference; lastKnownFileType = text.plist.xml; path = Info.plist; sourceTree = "<group>"; };
		24AD212424277E9C0086F8CA /* Geolocation.swift */ = {isa = PBXFileReference; lastKnownFileType = sourcecode.swift; path = Geolocation.swift; sourceTree = "<group>"; };
		24AD212624277F790086F8CA /* Utilities.swift */ = {isa = PBXFileReference; lastKnownFileType = sourcecode.swift; path = Utilities.swift; sourceTree = "<group>"; };
		24AD21282427804A0086F8CA /* GeolocationViewController.swift */ = {isa = PBXFileReference; lastKnownFileType = sourcecode.swift; path = GeolocationViewController.swift; sourceTree = "<group>"; };
		24AD212A2427814A0086F8CA /* AddGeolocationViewController.swift */ = {isa = PBXFileReference; lastKnownFileType = sourcecode.swift; path = AddGeolocationViewController.swift; sourceTree = "<group>"; };
		24AD212D2428AA7F0086F8CA /* MapKit.framework */ = {isa = PBXFileReference; lastKnownFileType = wrapper.framework; name = MapKit.framework; path = System/Library/Frameworks/MapKit.framework; sourceTree = SDKROOT; };
/* End PBXFileReference section */

/* Begin PBXFrameworksBuildPhase section */
		2477B98C2427791B006CD279 /* Frameworks */ = {
			isa = PBXFrameworksBuildPhase;
			buildActionMask = 2147483647;
			files = (
				24AD212E2428AA7F0086F8CA /* MapKit.framework in Frameworks */,
			);
			runOnlyForDeploymentPostprocessing = 0;
		};
		2477B9A524277923006CD279 /* Frameworks */ = {
			isa = PBXFrameworksBuildPhase;
			buildActionMask = 2147483647;
			files = (
			);
			runOnlyForDeploymentPostprocessing = 0;
		};
/* End PBXFrameworksBuildPhase section */

/* Begin PBXGroup section */
		2477B9862427791B006CD279 = {
			isa = PBXGroup;
			children = (
				2477B9912427791B006CD279 /* SafeLimit */,
				2477B9AB24277923006CD279 /* SafeLimitTests */,
				2477B9902427791B006CD279 /* Products */,
				24AD212C2428AA7F0086F8CA /* Frameworks */,
			);
			sourceTree = "<group>";
		};
		2477B9902427791B006CD279 /* Products */ = {
			isa = PBXGroup;
			children = (
				2477B98F2427791B006CD279 /* SafeLimit.app */,
				2477B9A824277923006CD279 /* SafeLimitTests.xctest */,
			);
			name = Products;
			sourceTree = "<group>";
		};
		2477B9912427791B006CD279 /* SafeLimit */ = {
			isa = PBXGroup;
			children = (
				2477B9922427791B006CD279 /* AppDelegate.swift */,
				2477B9942427791B006CD279 /* SceneDelegate.swift */,
				2477B9982427791B006CD279 /* Main.storyboard */,
				2477B99E24277923006CD279 /* Assets.xcassets */,
				2477B9A024277923006CD279 /* LaunchScreen.storyboard */,
				2477B9A324277923006CD279 /* Info.plist */,
				2477B99B2427791B006CD279 /* SafeLimit.xcdatamodeld */,
				24AD212424277E9C0086F8CA /* Geolocation.swift */,
				24AD212624277F790086F8CA /* Utilities.swift */,
				24AD21282427804A0086F8CA /* GeolocationViewController.swift */,
				24AD212A2427814A0086F8CA /* AddGeolocationViewController.swift */,
			);
			path = SafeLimit;
			sourceTree = "<group>";
		};
		2477B9AB24277923006CD279 /* SafeLimitTests */ = {
			isa = PBXGroup;
			children = (
				2477B9AC24277923006CD279 /* SafeLimitTests.swift */,
				2477B9AE24277923006CD279 /* Info.plist */,
			);
			path = SafeLimitTests;
			sourceTree = "<group>";
		};
		24AD212C2428AA7F0086F8CA /* Frameworks */ = {
			isa = PBXGroup;
			children = (
				24AD212D2428AA7F0086F8CA /* MapKit.framework */,
			);
			name = Frameworks;
			sourceTree = "<group>";
		};
/* End PBXGroup section */

/* Begin PBXNativeTarget section */
		2477B98E2427791B006CD279 /* SafeLimit */ = {
			isa = PBXNativeTarget;
			buildConfigurationList = 2477B9B124277923006CD279 /* Build configuration list for PBXNativeTarget "SafeLimit" */;
			buildPhases = (
				2477B98B2427791B006CD279 /* Sources */,
				2477B98C2427791B006CD279 /* Frameworks */,
				2477B98D2427791B006CD279 /* Resources */,
			);
			buildRules = (
			);
			dependencies = (
			);
			name = SafeLimit;
			productName = SafeLimit;
			productReference = 2477B98F2427791B006CD279 /* SafeLimit.app */;
			productType = "com.apple.product-type.application";
		};
		2477B9A724277923006CD279 /* SafeLimitTests */ = {
			isa = PBXNativeTarget;
			buildConfigurationList = 2477B9B424277923006CD279 /* Build configuration list for PBXNativeTarget "SafeLimitTests" */;
			buildPhases = (
				2477B9A424277923006CD279 /* Sources */,
				2477B9A524277923006CD279 /* Frameworks */,
				2477B9A624277923006CD279 /* Resources */,
			);
			buildRules = (
			);
			dependencies = (
				2477B9AA24277923006CD279 /* PBXTargetDependency */,
			);
			name = SafeLimitTests;
			productName = SafeLimitTests;
			productReference = 2477B9A824277923006CD279 /* SafeLimitTests.xctest */;
			productType = "com.apple.product-type.bundle.unit-test";
		};
/* End PBXNativeTarget section */

/* Begin PBXProject section */
		2477B9872427791B006CD279 /* Project object */ = {
			isa = PBXProject;
			attributes = {
				LastSwiftUpdateCheck = 1120;
				LastUpgradeCheck = 1120;
				ORGANIZATIONNAME = "Guillaume Blanchet";
				TargetAttributes = {
					2477B98E2427791B006CD279 = {
						CreatedOnToolsVersion = 11.2.1;
					};
					2477B9A724277923006CD279 = {
						CreatedOnToolsVersion = 11.2.1;
						TestTargetID = 2477B98E2427791B006CD279;
					};
				};
			};
			buildConfigurationList = 2477B98A2427791B006CD279 /* Build configuration list for PBXProject "SafeLimit" */;
			compatibilityVersion = "Xcode 9.3";
			developmentRegion = en;
			hasScannedForEncodings = 0;
			knownRegions = (
				en,
				Base,
			);
			mainGroup = 2477B9862427791B006CD279;
			productRefGroup = 2477B9902427791B006CD279 /* Products */;
			projectDirPath = "";
			projectRoot = "";
			targets = (
				2477B98E2427791B006CD279 /* SafeLimit */,
				2477B9A724277923006CD279 /* SafeLimitTests */,
			);
		};
/* End PBXProject section */

/* Begin PBXResourcesBuildPhase section */
		2477B98D2427791B006CD279 /* Resources */ = {
			isa = PBXResourcesBuildPhase;
			buildActionMask = 2147483647;
			files = (
				2477B9A224277923006CD279 /* LaunchScreen.storyboard in Resources */,
				2477B99F24277923006CD279 /* Assets.xcassets in Resources */,
				2477B99A2427791B006CD279 /* Main.storyboard in Resources */,
			);
			runOnlyForDeploymentPostprocessing = 0;
		};
		2477B9A624277923006CD279 /* Resources */ = {
			isa = PBXResourcesBuildPhase;
			buildActionMask = 2147483647;
			files = (
			);
			runOnlyForDeploymentPostprocessing = 0;
		};
/* End PBXResourcesBuildPhase section */

/* Begin PBXSourcesBuildPhase section */
		2477B98B2427791B006CD279 /* Sources */ = {
			isa = PBXSourcesBuildPhase;
			buildActionMask = 2147483647;
			files = (
				24AD212724277F790086F8CA /* Utilities.swift in Sources */,
				24AD21292427804A0086F8CA /* GeolocationViewController.swift in Sources */,
				2477B99D2427791B006CD279 /* SafeLimit.xcdatamodeld in Sources */,
				24AD212524277E9C0086F8CA /* Geolocation.swift in Sources */,
				24AD212B2427814A0086F8CA /* AddGeolocationViewController.swift in Sources */,
				2477B9932427791B006CD279 /* AppDelegate.swift in Sources */,
				2477B9952427791B006CD279 /* SceneDelegate.swift in Sources */,
			);
			runOnlyForDeploymentPostprocessing = 0;
		};
		2477B9A424277923006CD279 /* Sources */ = {
			isa = PBXSourcesBuildPhase;
			buildActionMask = 2147483647;
			files = (
				2477B9AD24277923006CD279 /* SafeLimitTests.swift in Sources */,
			);
			runOnlyForDeploymentPostprocessing = 0;
		};
/* End PBXSourcesBuildPhase section */

/* Begin PBXTargetDependency section */
		2477B9AA24277923006CD279 /* PBXTargetDependency */ = {
			isa = PBXTargetDependency;
			target = 2477B98E2427791B006CD279 /* SafeLimit */;
			targetProxy = 2477B9A924277923006CD279 /* PBXContainerItemProxy */;
		};
/* End PBXTargetDependency section */

/* Begin PBXVariantGroup section */
		2477B9982427791B006CD279 /* Main.storyboard */ = {
			isa = PBXVariantGroup;
			children = (
				2477B9992427791B006CD279 /* Base */,
			);
			name = Main.storyboard;
			sourceTree = "<group>";
		};
		2477B9A024277923006CD279 /* LaunchScreen.storyboard */ = {
			isa = PBXVariantGroup;
			children = (
				2477B9A124277923006CD279 /* Base */,
			);
			name = LaunchScreen.storyboard;
			sourceTree = "<group>";
		};
/* End PBXVariantGroup section */

/* Begin XCBuildConfiguration section */
		2477B9AF24277923006CD279 /* Debug */ = {
			isa = XCBuildConfiguration;
			buildSettings = {
				ALWAYS_SEARCH_USER_PATHS = NO;
				CLANG_ANALYZER_NONNULL = YES;
				CLANG_ANALYZER_NUMBER_OBJECT_CONVERSION = YES_AGGRESSIVE;
				CLANG_CXX_LANGUAGE_STANDARD = "gnu++14";
				CLANG_CXX_LIBRARY = "libc++";
				CLANG_ENABLE_MODULES = YES;
				CLANG_ENABLE_OBJC_ARC = YES;
				CLANG_ENABLE_OBJC_WEAK = YES;
				CLANG_WARN_BLOCK_CAPTURE_AUTORELEASING = YES;
				CLANG_WARN_BOOL_CONVERSION = YES;
				CLANG_WARN_COMMA = YES;
				CLANG_WARN_CONSTANT_CONVERSION = YES;
				CLANG_WARN_DEPRECATED_OBJC_IMPLEMENTATIONS = YES;
				CLANG_WARN_DIRECT_OBJC_ISA_USAGE = YES_ERROR;
				CLANG_WARN_DOCUMENTATION_COMMENTS = YES;
				CLANG_WARN_EMPTY_BODY = YES;
				CLANG_WARN_ENUM_CONVERSION = YES;
				CLANG_WARN_INFINITE_RECURSION = YES;
				CLANG_WARN_INT_CONVERSION = YES;
				CLANG_WARN_NON_LITERAL_NULL_CONVERSION = YES;
				CLANG_WARN_OBJC_IMPLICIT_RETAIN_SELF = YES;
				CLANG_WARN_OBJC_LITERAL_CONVERSION = YES;
				CLANG_WARN_OBJC_ROOT_CLASS = YES_ERROR;
				CLANG_WARN_RANGE_LOOP_ANALYSIS = YES;
				CLANG_WARN_STRICT_PROTOTYPES = YES;
				CLANG_WARN_SUSPICIOUS_MOVE = YES;
				CLANG_WARN_UNGUARDED_AVAILABILITY = YES_AGGRESSIVE;
				CLANG_WARN_UNREACHABLE_CODE = YES;
				CLANG_WARN__DUPLICATE_METHOD_MATCH = YES;
				COPY_PHASE_STRIP = NO;
				DEBUG_INFORMATION_FORMAT = dwarf;
				ENABLE_STRICT_OBJC_MSGSEND = YES;
				ENABLE_TESTABILITY = YES;
				GCC_C_LANGUAGE_STANDARD = gnu11;
				GCC_DYNAMIC_NO_PIC = NO;
				GCC_NO_COMMON_BLOCKS = YES;
				GCC_OPTIMIZATION_LEVEL = 0;
				GCC_PREPROCESSOR_DEFINITIONS = (
					"DEBUG=1",
					"$(inherited)",
				);
				GCC_WARN_64_TO_32_BIT_CONVERSION = YES;
				GCC_WARN_ABOUT_RETURN_TYPE = YES_ERROR;
				GCC_WARN_UNDECLARED_SELECTOR = YES;
				GCC_WARN_UNINITIALIZED_AUTOS = YES_AGGRESSIVE;
				GCC_WARN_UNUSED_FUNCTION = YES;
				GCC_WARN_UNUSED_VARIABLE = YES;
				IPHONEOS_DEPLOYMENT_TARGET = 13.2;
				MTL_ENABLE_DEBUG_INFO = INCLUDE_SOURCE;
				MTL_FAST_MATH = YES;
				ONLY_ACTIVE_ARCH = YES;
				SDKROOT = iphoneos;
				SWIFT_ACTIVE_COMPILATION_CONDITIONS = DEBUG;
				SWIFT_OPTIMIZATION_LEVEL = "-Onone";
			};
			name = Debug;
		};
		2477B9B024277923006CD279 /* Release */ = {
			isa = XCBuildConfiguration;
			buildSettings = {
				ALWAYS_SEARCH_USER_PATHS = NO;
				CLANG_ANALYZER_NONNULL = YES;
				CLANG_ANALYZER_NUMBER_OBJECT_CONVERSION = YES_AGGRESSIVE;
				CLANG_CXX_LANGUAGE_STANDARD = "gnu++14";
				CLANG_CXX_LIBRARY = "libc++";
				CLANG_ENABLE_MODULES = YES;
				CLANG_ENABLE_OBJC_ARC = YES;
				CLANG_ENABLE_OBJC_WEAK = YES;
				CLANG_WARN_BLOCK_CAPTURE_AUTORELEASING = YES;
				CLANG_WARN_BOOL_CONVERSION = YES;
				CLANG_WARN_COMMA = YES;
				CLANG_WARN_CONSTANT_CONVERSION = YES;
				CLANG_WARN_DEPRECATED_OBJC_IMPLEMENTATIONS = YES;
				CLANG_WARN_DIRECT_OBJC_ISA_USAGE = YES_ERROR;
				CLANG_WARN_DOCUMENTATION_COMMENTS = YES;
				CLANG_WARN_EMPTY_BODY = YES;
				CLANG_WARN_ENUM_CONVERSION = YES;
				CLANG_WARN_INFINITE_RECURSION = YES;
				CLANG_WARN_INT_CONVERSION = YES;
				CLANG_WARN_NON_LITERAL_NULL_CONVERSION = YES;
				CLANG_WARN_OBJC_IMPLICIT_RETAIN_SELF = YES;
				CLANG_WARN_OBJC_LITERAL_CONVERSION = YES;
				CLANG_WARN_OBJC_ROOT_CLASS = YES_ERROR;
				CLANG_WARN_RANGE_LOOP_ANALYSIS = YES;
				CLANG_WARN_STRICT_PROTOTYPES = YES;
				CLANG_WARN_SUSPICIOUS_MOVE = YES;
				CLANG_WARN_UNGUARDED_AVAILABILITY = YES_AGGRESSIVE;
				CLANG_WARN_UNREACHABLE_CODE = YES;
				CLANG_WARN__DUPLICATE_METHOD_MATCH = YES;
				COPY_PHASE_STRIP = NO;
				DEBUG_INFORMATION_FORMAT = "dwarf-with-dsym";
				ENABLE_NS_ASSERTIONS = NO;
				ENABLE_STRICT_OBJC_MSGSEND = YES;
				GCC_C_LANGUAGE_STANDARD = gnu11;
				GCC_NO_COMMON_BLOCKS = YES;
				GCC_WARN_64_TO_32_BIT_CONVERSION = YES;
				GCC_WARN_ABOUT_RETURN_TYPE = YES_ERROR;
				GCC_WARN_UNDECLARED_SELECTOR = YES;
				GCC_WARN_UNINITIALIZED_AUTOS = YES_AGGRESSIVE;
				GCC_WARN_UNUSED_FUNCTION = YES;
				GCC_WARN_UNUSED_VARIABLE = YES;
				IPHONEOS_DEPLOYMENT_TARGET = 13.2;
				MTL_ENABLE_DEBUG_INFO = NO;
				MTL_FAST_MATH = YES;
				SDKROOT = iphoneos;
				SWIFT_COMPILATION_MODE = wholemodule;
				SWIFT_OPTIMIZATION_LEVEL = "-O";
				VALIDATE_PRODUCT = YES;
			};
			name = Release;
		};
		2477B9B224277923006CD279 /* Debug */ = {
			isa = XCBuildConfiguration;
			buildSettings = {
				ASSETCATALOG_COMPILER_APPICON_NAME = AppIcon;
				CODE_SIGN_STYLE = Automatic;
				DEVELOPMENT_TEAM = 558JUB3W4Z;
				INFOPLIST_FILE = SafeLimit/Info.plist;
				IPHONEOS_DEPLOYMENT_TARGET = 13.0;
				LD_RUNPATH_SEARCH_PATHS = (
					"$(inherited)",
					"@executable_path/Frameworks",
				);
				PRODUCT_BUNDLE_IDENTIFIER = "Guillaume-Blanchet.SafeLimit";
				PRODUCT_NAME = "$(TARGET_NAME)";
				SWIFT_VERSION = 5.0;
				TARGETED_DEVICE_FAMILY = 1;
			};
			name = Debug;
		};
		2477B9B324277923006CD279 /* Release */ = {
			isa = XCBuildConfiguration;
			buildSettings = {
				ASSETCATALOG_COMPILER_APPICON_NAME = AppIcon;
				CODE_SIGN_STYLE = Automatic;
				DEVELOPMENT_TEAM = 558JUB3W4Z;
				INFOPLIST_FILE = SafeLimit/Info.plist;
				IPHONEOS_DEPLOYMENT_TARGET = 13.0;
				LD_RUNPATH_SEARCH_PATHS = (
					"$(inherited)",
					"@executable_path/Frameworks",
				);
				PRODUCT_BUNDLE_IDENTIFIER = "Guillaume-Blanchet.SafeLimit";
				PRODUCT_NAME = "$(TARGET_NAME)";
				SWIFT_VERSION = 5.0;
				TARGETED_DEVICE_FAMILY = 1;
			};
			name = Release;
		};
		2477B9B524277923006CD279 /* Debug */ = {
			isa = XCBuildConfiguration;
			buildSettings = {
				ALWAYS_EMBED_SWIFT_STANDARD_LIBRARIES = YES;
				BUNDLE_LOADER = "$(TEST_HOST)";
				CODE_SIGN_STYLE = Automatic;
				DEVELOPMENT_TEAM = 558JUB3W4Z;
				INFOPLIST_FILE = SafeLimitTests/Info.plist;
				IPHONEOS_DEPLOYMENT_TARGET = 13.2;
				LD_RUNPATH_SEARCH_PATHS = (
					"$(inherited)",
					"@executable_path/Frameworks",
					"@loader_path/Frameworks",
				);
				PRODUCT_BUNDLE_IDENTIFIER = "Guillaume-Blanchet.SafeLimitTests";
				PRODUCT_NAME = "$(TARGET_NAME)";
				SWIFT_VERSION = 5.0;
				TARGETED_DEVICE_FAMILY = "1,2";
				TEST_HOST = "$(BUILT_PRODUCTS_DIR)/SafeLimit.app/SafeLimit";
			};
			name = Debug;
		};
		2477B9B624277923006CD279 /* Release */ = {
			isa = XCBuildConfiguration;
			buildSettings = {
				ALWAYS_EMBED_SWIFT_STANDARD_LIBRARIES = YES;
				BUNDLE_LOADER = "$(TEST_HOST)";
				CODE_SIGN_STYLE = Automatic;
				DEVELOPMENT_TEAM = 558JUB3W4Z;
				INFOPLIST_FILE = SafeLimitTests/Info.plist;
				IPHONEOS_DEPLOYMENT_TARGET = 13.2;
				LD_RUNPATH_SEARCH_PATHS = (
					"$(inherited)",
					"@executable_path/Frameworks",
					"@loader_path/Frameworks",
				);
				PRODUCT_BUNDLE_IDENTIFIER = "Guillaume-Blanchet.SafeLimitTests";
				PRODUCT_NAME = "$(TARGET_NAME)";
				SWIFT_VERSION = 5.0;
				TARGETED_DEVICE_FAMILY = "1,2";
				TEST_HOST = "$(BUILT_PRODUCTS_DIR)/SafeLimit.app/SafeLimit";
			};
			name = Release;
		};
/* End XCBuildConfiguration section */

/* Begin XCConfigurationList section */
		2477B98A2427791B006CD279 /* Build configuration list for PBXProject "SafeLimit" */ = {
			isa = XCConfigurationList;
			buildConfigurations = (
				2477B9AF24277923006CD279 /* Debug */,
				2477B9B024277923006CD279 /* Release */,
			);
			defaultConfigurationIsVisible = 0;
			defaultConfigurationName = Release;
		};
		2477B9B124277923006CD279 /* Build configuration list for PBXNativeTarget "SafeLimit" */ = {
			isa = XCConfigurationList;
			buildConfigurations = (
				2477B9B224277923006CD279 /* Debug */,
				2477B9B324277923006CD279 /* Release */,
			);
			defaultConfigurationIsVisible = 0;
			defaultConfigurationName = Release;
		};
		2477B9B424277923006CD279 /* Build configuration list for PBXNativeTarget "SafeLimitTests" */ = {
			isa = XCConfigurationList;
			buildConfigurations = (
				2477B9B524277923006CD279 /* Debug */,
				2477B9B624277923006CD279 /* Release */,
			);
			defaultConfigurationIsVisible = 0;
			defaultConfigurationName = Release;
		};
/* End XCConfigurationList section */

/* Begin XCVersionGroup section */
		2477B99B2427791B006CD279 /* SafeLimit.xcdatamodeld */ = {
			isa = XCVersionGroup;
			children = (
				2477B99C2427791B006CD279 /* SafeLimit.xcdatamodel */,
			);
			currentVersion = 2477B99C2427791B006CD279 /* SafeLimit.xcdatamodel */;
			path = SafeLimit.xcdatamodeld;
			sourceTree = "<group>";
			versionGroupType = wrapper.xcdatamodel;
		};
/* End XCVersionGroup section */
	};
	rootObject = 2477B9872427791B006CD279 /* Project object */;
}
